PODS:
  - Alamofire (5.6.1)
  - ProgressHUD (13.6)
  - RxCocoa (6.5.0):
    - RxRelay (= 6.5.0)
    - RxSwift (= 6.5.0)
  - RxRelay (6.5.0):
    - RxSwift (= 6.5.0)
  - RxSwift (6.5.0)
  - SwiftyJSON (5.0.1)

DEPENDENCIES:
  - Alamofire
  - ProgressHUD
  - RxCocoa (= 6.5.0)
  - RxSwift (= 6.5.0)
  - SwiftyJSON

SPEC REPOS:
  trunk:
    - Alamofire
    - ProgressHUD
    - RxCocoa
    - RxRelay
    - RxSwift
    - SwiftyJSON

SPEC CHECKSUMS:
  Alamofire: 87bd8c952f9a4454320fce00d9cc3de57bcadaf5
  ProgressHUD: 4bdaa0d2ddf676b23324b199f9facffb5c3a1620
  RxCocoa: 94f817b71c07517321eb4f9ad299112ca8af743b
  RxRelay: 1de1523e604c72b6c68feadedd1af3b1b4d0ecbd
  RxSwift: 5710a9e6b17f3c3d6e40d6e559b9fa1e813b2ef8
  SwiftyJSON: 2f33a42c6fbc52764d96f13368585094bfd8aa5e

PODFILE CHECKSUM: c5776070a9428b8761dac29fa80e52f26e7c8594

COCOAPODS: 1.11.3
