// !$*UTF8*$!
{
	archiveVersion = 1;
	classes = {
	};
	objectVersion = 55;
	objects = {

/* Begin PBXBuildFile section */
		0B6A99B3DF2657C54B982DB0 /* Pods_ReciepsTests.framework in Frameworks */ = {isa = PBXBuildFile; fileRef = E972A923A91AE4CEE572C101 /* Pods_ReciepsTests.framework */; };
		2839DE9897D69806D5043270 /* Pods_Recieps_ReciepsUITests.framework in Frameworks */ = {isa = PBXBuildFile; fileRef = CC3016ADF88ED3B4C1286EA4 /* Pods_Recieps_ReciepsUITests.framework */; };
		9578CEB1933EF32F4752563F /* Pods_Recieps.framework in Frameworks */ = {isa = PBXBuildFile; fileRef = 0C030041C9C030F503A57063 /* Pods_Recieps.framework */; };
		9D1904DC289362D00062F6D9 /* Helvetica Neue Medium Extended.ttf in Resources */ = {isa = PBXBuildFile; fileRef = 9D1904DB289362D00062F6D9 /* Helvetica Neue Medium Extended.ttf */; };
		9D1904DE289363250062F6D9 /* UILabel+Ext.swift in Sources */ = {isa = PBXBuildFile; fileRef = 9D1904DD289363250062F6D9 /* UILabel+Ext.swift */; };
		9D9D0EA8287B3AB900EE8F17 /* AppDelegate.swift in Sources */ = {isa = PBXBuildFile; fileRef = 9D9D0EA7287B3AB900EE8F17 /* AppDelegate.swift */; };
		9D9D0EAA287B3AB900EE8F17 /* SceneDelegate.swift in Sources */ = {isa = PBXBuildFile; fileRef = 9D9D0EA9287B3AB900EE8F17 /* SceneDelegate.swift */; };
		9D9D0EAC287B3AB900EE8F17 /* ViewController.swift in Sources */ = {isa = PBXBuildFile; fileRef = 9D9D0EAB287B3AB900EE8F17 /* ViewController.swift */; };
		9D9D0EAF287B3AB900EE8F17 /* Main.storyboard in Resources */ = {isa = PBXBuildFile; fileRef = 9D9D0EAD287B3AB900EE8F17 /* Main.storyboard */; };
		9D9D0EB1287B3ABB00EE8F17 /* Assets.xcassets in Resources */ = {isa = PBXBuildFile; fileRef = 9D9D0EB0287B3ABB00EE8F17 /* Assets.xcassets */; };
		9D9D0EB4287B3ABB00EE8F17 /* LaunchScreen.storyboard in Resources */ = {isa = PBXBuildFile; fileRef = 9D9D0EB2287B3ABB00EE8F17 /* LaunchScreen.storyboard */; };
		9D9D0EBF287B3ABB00EE8F17 /* ReciepsTests.swift in Sources */ = {isa = PBXBuildFile; fileRef = 9D9D0EBE287B3ABB00EE8F17 /* ReciepsTests.swift */; };
		9D9D0EC9287B3ABB00EE8F17 /* ReciepsUITests.swift in Sources */ = {isa = PBXBuildFile; fileRef = 9D9D0EC8287B3ABB00EE8F17 /* ReciepsUITests.swift */; };
		9D9D0ECB287B3ABB00EE8F17 /* ReciepsUITestsLaunchTests.swift in Sources */ = {isa = PBXBuildFile; fileRef = 9D9D0ECA287B3ABB00EE8F17 /* ReciepsUITestsLaunchTests.swift */; };
		9DC6875928836D9500536552 /* UIImage+Ext.swift in Sources */ = {isa = PBXBuildFile; fileRef = 9DC6875828836D9500536552 /* UIImage+Ext.swift */; };
		9DC9331E2894C087001EF2D6 /* String+Ext.swift in Sources */ = {isa = PBXBuildFile; fileRef = 9DC9331D2894C087001EF2D6 /* String+Ext.swift */; };
		9DC933202894C66F001EF2D6 /* UIStackView+Ext.swift in Sources */ = {isa = PBXBuildFile; fileRef = 9DC9331F2894C66F001EF2D6 /* UIStackView+Ext.swift */; };
		9DFFE87E287B420C0027BCDA /* Constants.swift in Sources */ = {isa = PBXBuildFile; fileRef = 9DFFE87D287B420C0027BCDA /* Constants.swift */; };
		9DFFE880287B4EC50027BCDA /* HomeReciepsViewController.swift in Sources */ = {isa = PBXBuildFile; fileRef = 9DFFE87F287B4EC50027BCDA /* HomeReciepsViewController.swift */; };
		9DFFE882287B52E70027BCDA /* HomeReciepsView.swift in Sources */ = {isa = PBXBuildFile; fileRef = 9DFFE881287B52E70027BCDA /* HomeReciepsView.swift */; };
		9DFFE886287B7A400027BCDA /* MealReciepsAPI.swift in Sources */ = {isa = PBXBuildFile; fileRef = 9DFFE885287B7A400027BCDA /* MealReciepsAPI.swift */; };
		9DFFE888287B7AFB0027BCDA /* Meals.swift in Sources */ = {isa = PBXBuildFile; fileRef = 9DFFE887287B7AFB0027BCDA /* Meals.swift */; };
		9DFFE88D287BA69F0027BCDA /* UIViewController+Ext.swift in Sources */ = {isa = PBXBuildFile; fileRef = 9DFFE88C287BA69F0027BCDA /* UIViewController+Ext.swift */; };
		9DFFE88F287BB1420027BCDA /* UIView+Ext.swift in Sources */ = {isa = PBXBuildFile; fileRef = 9DFFE88E287BB1420027BCDA /* UIView+Ext.swift */; };
		9DFFE893287BB9430027BCDA /* DetailReciepView.swift in Sources */ = {isa = PBXBuildFile; fileRef = 9DFFE892287BB9430027BCDA /* DetailReciepView.swift */; };
		9DFFE895287BB9B80027BCDA /* DetailReciepViewController.swift in Sources */ = {isa = PBXBuildFile; fileRef = 9DFFE894287BB9B80027BCDA /* DetailReciepViewController.swift */; };
/* End PBXBuildFile section */

/* Begin PBXContainerItemProxy section */
		9D9D0EBB287B3ABB00EE8F17 /* PBXContainerItemProxy */ = {
			isa = PBXContainerItemProxy;
			containerPortal = 9D9D0E9C287B3AB900EE8F17 /* Project object */;
			proxyType = 1;
			remoteGlobalIDString = 9D9D0EA3287B3AB900EE8F17;
			remoteInfo = Recieps;
		};
		9D9D0EC5287B3ABB00EE8F17 /* PBXContainerItemProxy */ = {
			isa = PBXContainerItemProxy;
			containerPortal = 9D9D0E9C287B3AB900EE8F17 /* Project object */;
			proxyType = 1;
			remoteGlobalIDString = 9D9D0EA3287B3AB900EE8F17;
			remoteInfo = Recieps;
		};
/* End PBXContainerItemProxy section */

/* Begin PBXFileReference section */
		0C030041C9C030F503A57063 /* Pods_Recieps.framework */ = {isa = PBXFileReference; explicitFileType = wrapper.framework; includeInIndex = 0; path = Pods_Recieps.framework; sourceTree = BUILT_PRODUCTS_DIR; };
		55140E1A91BE2CBD81915FCE /* Pods-Recieps.debug.xcconfig */ = {isa = PBXFileReference; includeInIndex = 1; lastKnownFileType = text.xcconfig; name = "Pods-Recieps.debug.xcconfig"; path = "Target Support Files/Pods-Recieps/Pods-Recieps.debug.xcconfig"; sourceTree = "<group>"; };
		59299535EB114ABA62819D00 /* Pods-Recieps-ReciepsUITests.release.xcconfig */ = {isa = PBXFileReference; includeInIndex = 1; lastKnownFileType = text.xcconfig; name = "Pods-Recieps-ReciepsUITests.release.xcconfig"; path = "Target Support Files/Pods-Recieps-ReciepsUITests/Pods-Recieps-ReciepsUITests.release.xcconfig"; sourceTree = "<group>"; };
		9D1904DB289362D00062F6D9 /* Helvetica Neue Medium Extended.ttf */ = {isa = PBXFileReference; lastKnownFileType = file; name = "Helvetica Neue Medium Extended.ttf"; path = "../../../TinderClone/Tinder/Files/Helvetica Neue Medium Extended.ttf"; sourceTree = "<group>"; };
		9D1904DD289363250062F6D9 /* UILabel+Ext.swift */ = {isa = PBXFileReference; lastKnownFileType = sourcecode.swift; path = "UILabel+Ext.swift"; sourceTree = "<group>"; };
		9D9D0EA4287B3AB900EE8F17 /* Recieps.app */ = {isa = PBXFileReference; explicitFileType = wrapper.application; includeInIndex = 0; path = Recieps.app; sourceTree = BUILT_PRODUCTS_DIR; };
		9D9D0EA7287B3AB900EE8F17 /* AppDelegate.swift */ = {isa = PBXFileReference; lastKnownFileType = sourcecode.swift; path = AppDelegate.swift; sourceTree = "<group>"; };
		9D9D0EA9287B3AB900EE8F17 /* SceneDelegate.swift */ = {isa = PBXFileReference; lastKnownFileType = sourcecode.swift; path = SceneDelegate.swift; sourceTree = "<group>"; };
		9D9D0EAB287B3AB900EE8F17 /* ViewController.swift */ = {isa = PBXFileReference; lastKnownFileType = sourcecode.swift; path = ViewController.swift; sourceTree = "<group>"; };
		9D9D0EAE287B3AB900EE8F17 /* Base */ = {isa = PBXFileReference; lastKnownFileType = file.storyboard; name = Base; path = Base.lproj/Main.storyboard; sourceTree = "<group>"; };
		9D9D0EB0287B3ABB00EE8F17 /* Assets.xcassets */ = {isa = PBXFileReference; lastKnownFileType = folder.assetcatalog; path = Assets.xcassets; sourceTree = "<group>"; };
		9D9D0EB3287B3ABB00EE8F17 /* Base */ = {isa = PBXFileReference; lastKnownFileType = file.storyboard; name = Base; path = Base.lproj/LaunchScreen.storyboard; sourceTree = "<group>"; };
		9D9D0EB5287B3ABB00EE8F17 /* Info.plist */ = {isa = PBXFileReference; lastKnownFileType = text.plist.xml; path = Info.plist; sourceTree = "<group>"; };
		9D9D0EBA287B3ABB00EE8F17 /* ReciepsTests.xctest */ = {isa = PBXFileReference; explicitFileType = wrapper.cfbundle; includeInIndex = 0; path = ReciepsTests.xctest; sourceTree = BUILT_PRODUCTS_DIR; };
		9D9D0EBE287B3ABB00EE8F17 /* ReciepsTests.swift */ = {isa = PBXFileReference; lastKnownFileType = sourcecode.swift; path = ReciepsTests.swift; sourceTree = "<group>"; };
		9D9D0EC4287B3ABB00EE8F17 /* ReciepsUITests.xctest */ = {isa = PBXFileReference; explicitFileType = wrapper.cfbundle; includeInIndex = 0; path = ReciepsUITests.xctest; sourceTree = BUILT_PRODUCTS_DIR; };
		9D9D0EC8287B3ABB00EE8F17 /* ReciepsUITests.swift */ = {isa = PBXFileReference; lastKnownFileType = sourcecode.swift; path = ReciepsUITests.swift; sourceTree = "<group>"; };
		9D9D0ECA287B3ABB00EE8F17 /* ReciepsUITestsLaunchTests.swift */ = {isa = PBXFileReference; lastKnownFileType = sourcecode.swift; path = ReciepsUITestsLaunchTests.swift; sourceTree = "<group>"; };
		9DC6875828836D9500536552 /* UIImage+Ext.swift */ = {isa = PBXFileReference; lastKnownFileType = sourcecode.swift; path = "UIImage+Ext.swift"; sourceTree = "<group>"; };
		9DC9331D2894C087001EF2D6 /* String+Ext.swift */ = {isa = PBXFileReference; lastKnownFileType = sourcecode.swift; path = "String+Ext.swift"; sourceTree = "<group>"; };
		9DC9331F2894C66F001EF2D6 /* UIStackView+Ext.swift */ = {isa = PBXFileReference; lastKnownFileType = sourcecode.swift; path = "UIStackView+Ext.swift"; sourceTree = "<group>"; };
		9DFFE87D287B420C0027BCDA /* Constants.swift */ = {isa = PBXFileReference; lastKnownFileType = sourcecode.swift; path = Constants.swift; sourceTree = "<group>"; };
		9DFFE87F287B4EC50027BCDA /* HomeReciepsViewController.swift */ = {isa = PBXFileReference; lastKnownFileType = sourcecode.swift; path = HomeReciepsViewController.swift; sourceTree = "<group>"; };
		9DFFE881287B52E70027BCDA /* HomeReciepsView.swift */ = {isa = PBXFileReference; lastKnownFileType = sourcecode.swift; path = HomeReciepsView.swift; sourceTree = "<group>"; };
		9DFFE885287B7A400027BCDA /* MealReciepsAPI.swift */ = {isa = PBXFileReference; lastKnownFileType = sourcecode.swift; path = MealReciepsAPI.swift; sourceTree = "<group>"; };
		9DFFE887287B7AFB0027BCDA /* Meals.swift */ = {isa = PBXFileReference; lastKnownFileType = sourcecode.swift; path = Meals.swift; sourceTree = "<group>"; };
		9DFFE88C287BA69F0027BCDA /* UIViewController+Ext.swift */ = {isa = PBXFileReference; lastKnownFileType = sourcecode.swift; path = "UIViewController+Ext.swift"; sourceTree = "<group>"; };
		9DFFE88E287BB1420027BCDA /* UIView+Ext.swift */ = {isa = PBXFileReference; lastKnownFileType = sourcecode.swift; path = "UIView+Ext.swift"; sourceTree = "<group>"; };
		9DFFE892287BB9430027BCDA /* DetailReciepView.swift */ = {isa = PBXFileReference; lastKnownFileType = sourcecode.swift; path = DetailReciepView.swift; sourceTree = "<group>"; };
		9DFFE894287BB9B80027BCDA /* DetailReciepViewController.swift */ = {isa = PBXFileReference; lastKnownFileType = sourcecode.swift; path = DetailReciepViewController.swift; sourceTree = "<group>"; };
		A0E243953C628B7430A9B488 /* Pods-Recieps.release.xcconfig */ = {isa = PBXFileReference; includeInIndex = 1; lastKnownFileType = text.xcconfig; name = "Pods-Recieps.release.xcconfig"; path = "Target Support Files/Pods-Recieps/Pods-Recieps.release.xcconfig"; sourceTree = "<group>"; };
		A2C348B30406C2F733C6DA7F /* Pods-ReciepsTests.debug.xcconfig */ = {isa = PBXFileReference; includeInIndex = 1; lastKnownFileType = text.xcconfig; name = "Pods-ReciepsTests.debug.xcconfig"; path = "Target Support Files/Pods-ReciepsTests/Pods-ReciepsTests.debug.xcconfig"; sourceTree = "<group>"; };
		C473CB296080AD881CC13D0C /* Pods-ReciepsTests.release.xcconfig */ = {isa = PBXFileReference; includeInIndex = 1; lastKnownFileType = text.xcconfig; name = "Pods-ReciepsTests.release.xcconfig"; path = "Target Support Files/Pods-ReciepsTests/Pods-ReciepsTests.release.xcconfig"; sourceTree = "<group>"; };
		CC3016ADF88ED3B4C1286EA4 /* Pods_Recieps_ReciepsUITests.framework */ = {isa = PBXFileReference; explicitFileType = wrapper.framework; includeInIndex = 0; path = Pods_Recieps_ReciepsUITests.framework; sourceTree = BUILT_PRODUCTS_DIR; };
		D3B5373406020CF4D6DF22B6 /* Pods-Recieps-ReciepsUITests.debug.xcconfig */ = {isa = PBXFileReference; includeInIndex = 1; lastKnownFileType = text.xcconfig; name = "Pods-Recieps-ReciepsUITests.debug.xcconfig"; path = "Target Support Files/Pods-Recieps-ReciepsUITests/Pods-Recieps-ReciepsUITests.debug.xcconfig"; sourceTree = "<group>"; };
		E972A923A91AE4CEE572C101 /* Pods_ReciepsTests.framework */ = {isa = PBXFileReference; explicitFileType = wrapper.framework; includeInIndex = 0; path = Pods_ReciepsTests.framework; sourceTree = BUILT_PRODUCTS_DIR; };
/* End PBXFileReference section */

/* Begin PBXFrameworksBuildPhase section */
		9D9D0EA1287B3AB900EE8F17 /* Frameworks */ = {
			isa = PBXFrameworksBuildPhase;
			buildActionMask = 2147483647;
			files = (
				9578CEB1933EF32F4752563F /* Pods_Recieps.framework in Frameworks */,
			);
			runOnlyForDeploymentPostprocessing = 0;
		};
		9D9D0EB7287B3ABB00EE8F17 /* Frameworks */ = {
			isa = PBXFrameworksBuildPhase;
			buildActionMask = 2147483647;
			files = (
				0B6A99B3DF2657C54B982DB0 /* Pods_ReciepsTests.framework in Frameworks */,
			);
			runOnlyForDeploymentPostprocessing = 0;
		};
		9D9D0EC1287B3ABB00EE8F17 /* Frameworks */ = {
			isa = PBXFrameworksBuildPhase;
			buildActionMask = 2147483647;
			files = (
				2839DE9897D69806D5043270 /* Pods_Recieps_ReciepsUITests.framework in Frameworks */,
			);
			runOnlyForDeploymentPostprocessing = 0;
		};
/* End PBXFrameworksBuildPhase section */

/* Begin PBXGroup section */
		3560C94C26EDDBC8CF0C4E1F /* Pods */ = {
			isa = PBXGroup;
			children = (
				55140E1A91BE2CBD81915FCE /* Pods-Recieps.debug.xcconfig */,
				A0E243953C628B7430A9B488 /* Pods-Recieps.release.xcconfig */,
				D3B5373406020CF4D6DF22B6 /* Pods-Recieps-ReciepsUITests.debug.xcconfig */,
				59299535EB114ABA62819D00 /* Pods-Recieps-ReciepsUITests.release.xcconfig */,
				A2C348B30406C2F733C6DA7F /* Pods-ReciepsTests.debug.xcconfig */,
				C473CB296080AD881CC13D0C /* Pods-ReciepsTests.release.xcconfig */,
			);
			path = Pods;
			sourceTree = "<group>";
		};
		9D1904DA289362A20062F6D9 /* Files */ = {
			isa = PBXGroup;
			children = (
				9D1904DB289362D00062F6D9 /* Helvetica Neue Medium Extended.ttf */,
			);
			path = Files;
			sourceTree = "<group>";
		};
		9D9D0E9B287B3AB900EE8F17 = {
			isa = PBXGroup;
			children = (
				9D9D0EA6287B3AB900EE8F17 /* Recieps */,
				9D9D0EBD287B3ABB00EE8F17 /* ReciepsTests */,
				9D9D0EC7287B3ABB00EE8F17 /* ReciepsUITests */,
				9D9D0EA5287B3AB900EE8F17 /* Products */,
				3560C94C26EDDBC8CF0C4E1F /* Pods */,
				ACC673DF16A2D079226F3C7B /* Frameworks */,
			);
			sourceTree = "<group>";
		};
		9D9D0EA5287B3AB900EE8F17 /* Products */ = {
			isa = PBXGroup;
			children = (
				9D9D0EA4287B3AB900EE8F17 /* Recieps.app */,
				9D9D0EBA287B3ABB00EE8F17 /* ReciepsTests.xctest */,
				9D9D0EC4287B3ABB00EE8F17 /* ReciepsUITests.xctest */,
			);
			name = Products;
			sourceTree = "<group>";
		};
		9D9D0EA6287B3AB900EE8F17 /* Recieps */ = {
			isa = PBXGroup;
			children = (
				9D1904DA289362A20062F6D9 /* Files */,
				9DFFE88B287BA6870027BCDA /* Extensions */,
				9DFFE87C287B41EE0027BCDA /* Constants */,
				9DFFE87B287B41E10027BCDA /* Service */,
				9DFFE87A287B41D00027BCDA /* Model */,
				9DFFE879287B41C90027BCDA /* Controller */,
				9DFFE877287B41BA0027BCDA /* View */,
				9D9D0EA7287B3AB900EE8F17 /* AppDelegate.swift */,
				9D9D0EA9287B3AB900EE8F17 /* SceneDelegate.swift */,
				9D9D0EAB287B3AB900EE8F17 /* ViewController.swift */,
				9D9D0EAD287B3AB900EE8F17 /* Main.storyboard */,
				9D9D0EB0287B3ABB00EE8F17 /* Assets.xcassets */,
				9D9D0EB2287B3ABB00EE8F17 /* LaunchScreen.storyboard */,
				9D9D0EB5287B3ABB00EE8F17 /* Info.plist */,
			);
			path = Recieps;
			sourceTree = "<group>";
		};
		9D9D0EBD287B3ABB00EE8F17 /* ReciepsTests */ = {
			isa = PBXGroup;
			children = (
				9D9D0EBE287B3ABB00EE8F17 /* ReciepsTests.swift */,
			);
			path = ReciepsTests;
			sourceTree = "<group>";
		};
		9D9D0EC7287B3ABB00EE8F17 /* ReciepsUITests */ = {
			isa = PBXGroup;
			children = (
				9D9D0EC8287B3ABB00EE8F17 /* ReciepsUITests.swift */,
				9D9D0ECA287B3ABB00EE8F17 /* ReciepsUITestsLaunchTests.swift */,
			);
			path = ReciepsUITests;
			sourceTree = "<group>";
		};
		9DFFE877287B41BA0027BCDA /* View */ = {
			isa = PBXGroup;
			children = (
				9DFFE881287B52E70027BCDA /* HomeReciepsView.swift */,
				9DFFE892287BB9430027BCDA /* DetailReciepView.swift */,
			);
			path = View;
			sourceTree = "<group>";
		};
		9DFFE879287B41C90027BCDA /* Controller */ = {
			isa = PBXGroup;
			children = (
				9DFFE87F287B4EC50027BCDA /* HomeReciepsViewController.swift */,
				9DFFE894287BB9B80027BCDA /* DetailReciepViewController.swift */,
			);
			path = Controller;
			sourceTree = "<group>";
		};
		9DFFE87A287B41D00027BCDA /* Model */ = {
			isa = PBXGroup;
			children = (
				9DFFE887287B7AFB0027BCDA /* Meals.swift */,
			);
			path = Model;
			sourceTree = "<group>";
		};
		9DFFE87B287B41E10027BCDA /* Service */ = {
			isa = PBXGroup;
			children = (
				9DFFE885287B7A400027BCDA /* MealReciepsAPI.swift */,
			);
			path = Service;
			sourceTree = "<group>";
		};
		9DFFE87C287B41EE0027BCDA /* Constants */ = {
			isa = PBXGroup;
			children = (
				9DFFE87D287B420C0027BCDA /* Constants.swift */,
			);
			path = Constants;
			sourceTree = "<group>";
		};
		9DFFE88B287BA6870027BCDA /* Extensions */ = {
			isa = PBXGroup;
			children = (
				9DFFE88C287BA69F0027BCDA /* UIViewController+Ext.swift */,
				9DFFE88E287BB1420027BCDA /* UIView+Ext.swift */,
				9DC6875828836D9500536552 /* UIImage+Ext.swift */,
				9D1904DD289363250062F6D9 /* UILabel+Ext.swift */,
				9DC9331D2894C087001EF2D6 /* String+Ext.swift */,
				9DC9331F2894C66F001EF2D6 /* UIStackView+Ext.swift */,
			);
			path = Extensions;
			sourceTree = "<group>";
		};
		ACC673DF16A2D079226F3C7B /* Frameworks */ = {
			isa = PBXGroup;
			children = (
				0C030041C9C030F503A57063 /* Pods_Recieps.framework */,
				CC3016ADF88ED3B4C1286EA4 /* Pods_Recieps_ReciepsUITests.framework */,
				E972A923A91AE4CEE572C101 /* Pods_ReciepsTests.framework */,
			);
			name = Frameworks;
			sourceTree = "<group>";
		};
/* End PBXGroup section */

/* Begin PBXNativeTarget section */
		9D9D0EA3287B3AB900EE8F17 /* Recieps */ = {
			isa = PBXNativeTarget;
			buildConfigurationList = 9D9D0ECE287B3ABB00EE8F17 /* Build configuration list for PBXNativeTarget "Recieps" */;
			buildPhases = (
				66725130E115BAD1A15EC392 /* [CP] Check Pods Manifest.lock */,
				9D9D0EA0287B3AB900EE8F17 /* Sources */,
				9D9D0EA1287B3AB900EE8F17 /* Frameworks */,
				9D9D0EA2287B3AB900EE8F17 /* Resources */,
				439E7C464265558B09510AE2 /* [CP] Embed Pods Frameworks */,
			);
			buildRules = (
			);
			dependencies = (
			);
			name = Recieps;
			productName = Recieps;
			productReference = 9D9D0EA4287B3AB900EE8F17 /* Recieps.app */;
			productType = "com.apple.product-type.application";
		};
		9D9D0EB9287B3ABB00EE8F17 /* ReciepsTests */ = {
			isa = PBXNativeTarget;
			buildConfigurationList = 9D9D0ED1287B3ABB00EE8F17 /* Build configuration list for PBXNativeTarget "ReciepsTests" */;
			buildPhases = (
				25D2F2AFE596CB7ED4E4C83A /* [CP] Check Pods Manifest.lock */,
				9D9D0EB6287B3ABB00EE8F17 /* Sources */,
				9D9D0EB7287B3ABB00EE8F17 /* Frameworks */,
				9D9D0EB8287B3ABB00EE8F17 /* Resources */,
			);
			buildRules = (
			);
			dependencies = (
				9D9D0EBC287B3ABB00EE8F17 /* PBXTargetDependency */,
			);
			name = ReciepsTests;
			productName = ReciepsTests;
			productReference = 9D9D0EBA287B3ABB00EE8F17 /* ReciepsTests.xctest */;
			productType = "com.apple.product-type.bundle.unit-test";
		};
		9D9D0EC3287B3ABB00EE8F17 /* ReciepsUITests */ = {
			isa = PBXNativeTarget;
			buildConfigurationList = 9D9D0ED4287B3ABB00EE8F17 /* Build configuration list for PBXNativeTarget "ReciepsUITests" */;
			buildPhases = (
				C271171076229381A658970E /* [CP] Check Pods Manifest.lock */,
				9D9D0EC0287B3ABB00EE8F17 /* Sources */,
				9D9D0EC1287B3ABB00EE8F17 /* Frameworks */,
				9D9D0EC2287B3ABB00EE8F17 /* Resources */,
				73765D907EE200A65E745D9B /* [CP] Embed Pods Frameworks */,
			);
			buildRules = (
			);
			dependencies = (
				9D9D0EC6287B3ABB00EE8F17 /* PBXTargetDependency */,
			);
			name = ReciepsUITests;
			productName = ReciepsUITests;
			productReference = 9D9D0EC4287B3ABB00EE8F17 /* ReciepsUITests.xctest */;
			productType = "com.apple.product-type.bundle.ui-testing";
		};
/* End PBXNativeTarget section */

/* Begin PBXProject section */
		9D9D0E9C287B3AB900EE8F17 /* Project object */ = {
			isa = PBXProject;
			attributes = {
				BuildIndependentTargetsInParallel = 1;
				LastSwiftUpdateCheck = 1320;
				LastUpgradeCheck = 1320;
				TargetAttributes = {
					9D9D0EA3287B3AB900EE8F17 = {
						CreatedOnToolsVersion = 13.2.1;
					};
					9D9D0EB9287B3ABB00EE8F17 = {
						CreatedOnToolsVersion = 13.2.1;
						TestTargetID = 9D9D0EA3287B3AB900EE8F17;
					};
					9D9D0EC3287B3ABB00EE8F17 = {
						CreatedOnToolsVersion = 13.2.1;
						TestTargetID = 9D9D0EA3287B3AB900EE8F17;
					};
				};
			};
			buildConfigurationList = 9D9D0E9F287B3AB900EE8F17 /* Build configuration list for PBXProject "Recieps" */;
			compatibilityVersion = "Xcode 13.0";
			developmentRegion = en;
			hasScannedForEncodings = 0;
			knownRegions = (
				en,
				Base,
			);
			mainGroup = 9D9D0E9B287B3AB900EE8F17;
			productRefGroup = 9D9D0EA5287B3AB900EE8F17 /* Products */;
			projectDirPath = "";
			projectRoot = "";
			targets = (
				9D9D0EA3287B3AB900EE8F17 /* Recieps */,
				9D9D0EB9287B3ABB00EE8F17 /* ReciepsTests */,
				9D9D0EC3287B3ABB00EE8F17 /* ReciepsUITests */,
			);
		};
/* End PBXProject section */

/* Begin PBXResourcesBuildPhase section */
		9D9D0EA2287B3AB900EE8F17 /* Resources */ = {
			isa = PBXResourcesBuildPhase;
			buildActionMask = 2147483647;
			files = (
				9D9D0EB4287B3ABB00EE8F17 /* LaunchScreen.storyboard in Resources */,
				9D9D0EB1287B3ABB00EE8F17 /* Assets.xcassets in Resources */,
				9D1904DC289362D00062F6D9 /* Helvetica Neue Medium Extended.ttf in Resources */,
				9D9D0EAF287B3AB900EE8F17 /* Main.storyboard in Resources */,
			);
			runOnlyForDeploymentPostprocessing = 0;
		};
		9D9D0EB8287B3ABB00EE8F17 /* Resources */ = {
			isa = PBXResourcesBuildPhase;
			buildActionMask = 2147483647;
			files = (
			);
			runOnlyForDeploymentPostprocessing = 0;
		};
		9D9D0EC2287B3ABB00EE8F17 /* Resources */ = {
			isa = PBXResourcesBuildPhase;
			buildActionMask = 2147483647;
			files = (
			);
			runOnlyForDeploymentPostprocessing = 0;
		};
/* End PBXResourcesBuildPhase section */

/* Begin PBXShellScriptBuildPhase section */
		25D2F2AFE596CB7ED4E4C83A /* [CP] Check Pods Manifest.lock */ = {
			isa = PBXShellScriptBuildPhase;
			buildActionMask = 2147483647;
			files = (
			);
			inputFileListPaths = (
			);
			inputPaths = (
				"${PODS_PODFILE_DIR_PATH}/Podfile.lock",
				"${PODS_ROOT}/Manifest.lock",
			);
			name = "[CP] Check Pods Manifest.lock";
			outputFileListPaths = (
			);
			outputPaths = (
				"$(DERIVED_FILE_DIR)/Pods-ReciepsTests-checkManifestLockResult.txt",
			);
			runOnlyForDeploymentPostprocessing = 0;
			shellPath = /bin/sh;
			shellScript = "diff \"${PODS_PODFILE_DIR_PATH}/Podfile.lock\" \"${PODS_ROOT}/Manifest.lock\" > /dev/null\nif [ $? != 0 ] ; then\n    # print error to STDERR\n    echo \"error: The sandbox is not in sync with the Podfile.lock. Run 'pod install' or update your CocoaPods installation.\" >&2\n    exit 1\nfi\n# This output is used by Xcode 'outputs' to avoid re-running this script phase.\necho \"SUCCESS\" > \"${SCRIPT_OUTPUT_FILE_0}\"\n";
			showEnvVarsInLog = 0;
		};
		439E7C464265558B09510AE2 /* [CP] Embed Pods Frameworks */ = {
			isa = PBXShellScriptBuildPhase;
			buildActionMask = 2147483647;
			files = (
			);
			inputFileListPaths = (
				"${PODS_ROOT}/Target Support Files/Pods-Recieps/Pods-Recieps-frameworks-${CONFIGURATION}-input-files.xcfilelist",
			);
			name = "[CP] Embed Pods Frameworks";
			outputFileListPaths = (
				"${PODS_ROOT}/Target Support Files/Pods-Recieps/Pods-Recieps-frameworks-${CONFIGURATION}-output-files.xcfilelist",
			);
			runOnlyForDeploymentPostprocessing = 0;
			shellPath = /bin/sh;
			shellScript = "\"${PODS_ROOT}/Target Support Files/Pods-Recieps/Pods-Recieps-frameworks.sh\"\n";
			showEnvVarsInLog = 0;
		};
		66725130E115BAD1A15EC392 /* [CP] Check Pods Manifest.lock */ = {
			isa = PBXShellScriptBuildPhase;
			buildActionMask = 2147483647;
			files = (
			);
			inputFileListPaths = (
			);
			inputPaths = (
				"${PODS_PODFILE_DIR_PATH}/Podfile.lock",
				"${PODS_ROOT}/Manifest.lock",
			);
			name = "[CP] Check Pods Manifest.lock";
			outputFileListPaths = (
			);
			outputPaths = (
				"$(DERIVED_FILE_DIR)/Pods-Recieps-checkManifestLockResult.txt",
			);
			runOnlyForDeploymentPostprocessing = 0;
			shellPath = /bin/sh;
			shellScript = "diff \"${PODS_PODFILE_DIR_PATH}/Podfile.lock\" \"${PODS_ROOT}/Manifest.lock\" > /dev/null\nif [ $? != 0 ] ; then\n    # print error to STDERR\n    echo \"error: The sandbox is not in sync with the Podfile.lock. Run 'pod install' or update your CocoaPods installation.\" >&2\n    exit 1\nfi\n# This output is used by Xcode 'outputs' to avoid re-running this script phase.\necho \"SUCCESS\" > \"${SCRIPT_OUTPUT_FILE_0}\"\n";
			showEnvVarsInLog = 0;
		};
		73765D907EE200A65E745D9B /* [CP] Embed Pods Frameworks */ = {
			isa = PBXShellScriptBuildPhase;
			buildActionMask = 2147483647;
			files = (
			);
			inputFileListPaths = (
				"${PODS_ROOT}/Target Support Files/Pods-Recieps-ReciepsUITests/Pods-Recieps-ReciepsUITests-frameworks-${CONFIGURATION}-input-files.xcfilelist",
			);
			name = "[CP] Embed Pods Frameworks";
			outputFileListPaths = (
				"${PODS_ROOT}/Target Support Files/Pods-Recieps-ReciepsUITests/Pods-Recieps-ReciepsUITests-frameworks-${CONFIGURATION}-output-files.xcfilelist",
			);
			runOnlyForDeploymentPostprocessing = 0;
			shellPath = /bin/sh;
			shellScript = "\"${PODS_ROOT}/Target Support Files/Pods-Recieps-ReciepsUITests/Pods-Recieps-ReciepsUITests-frameworks.sh\"\n";
			showEnvVarsInLog = 0;
		};
		C271171076229381A658970E /* [CP] Check Pods Manifest.lock */ = {
			isa = PBXShellScriptBuildPhase;
			buildActionMask = 2147483647;
			files = (
			);
			inputFileListPaths = (
			);
			inputPaths = (
				"${PODS_PODFILE_DIR_PATH}/Podfile.lock",
				"${PODS_ROOT}/Manifest.lock",
			);
			name = "[CP] Check Pods Manifest.lock";
			outputFileListPaths = (
			);
			outputPaths = (
				"$(DERIVED_FILE_DIR)/Pods-Recieps-ReciepsUITests-checkManifestLockResult.txt",
			);
			runOnlyForDeploymentPostprocessing = 0;
			shellPath = /bin/sh;
			shellScript = "diff \"${PODS_PODFILE_DIR_PATH}/Podfile.lock\" \"${PODS_ROOT}/Manifest.lock\" > /dev/null\nif [ $? != 0 ] ; then\n    # print error to STDERR\n    echo \"error: The sandbox is not in sync with the Podfile.lock. Run 'pod install' or update your CocoaPods installation.\" >&2\n    exit 1\nfi\n# This output is used by Xcode 'outputs' to avoid re-running this script phase.\necho \"SUCCESS\" > \"${SCRIPT_OUTPUT_FILE_0}\"\n";
			showEnvVarsInLog = 0;
		};
/* End PBXShellScriptBuildPhase section */

/* Begin PBXSourcesBuildPhase section */
		9D9D0EA0287B3AB900EE8F17 /* Sources */ = {
			isa = PBXSourcesBuildPhase;
			buildActionMask = 2147483647;
			files = (
				9DC6875928836D9500536552 /* UIImage+Ext.swift in Sources */,
				9DFFE895287BB9B80027BCDA /* DetailReciepViewController.swift in Sources */,
				9DFFE888287B7AFB0027BCDA /* Meals.swift in Sources */,
				9DFFE88F287BB1420027BCDA /* UIView+Ext.swift in Sources */,
				9D1904DE289363250062F6D9 /* UILabel+Ext.swift in Sources */,
				9D9D0EAC287B3AB900EE8F17 /* ViewController.swift in Sources */,
				9DFFE88D287BA69F0027BCDA /* UIViewController+Ext.swift in Sources */,
				9DFFE882287B52E70027BCDA /* HomeReciepsView.swift in Sources */,
				9DFFE886287B7A400027BCDA /* MealReciepsAPI.swift in Sources */,
				9D9D0EA8287B3AB900EE8F17 /* AppDelegate.swift in Sources */,
				9DFFE893287BB9430027BCDA /* DetailReciepView.swift in Sources */,
				9D9D0EAA287B3AB900EE8F17 /* SceneDelegate.swift in Sources */,
				9DFFE87E287B420C0027BCDA /* Constants.swift in Sources */,
				9DC9331E2894C087001EF2D6 /* String+Ext.swift in Sources */,
				9DFFE880287B4EC50027BCDA /* HomeReciepsViewController.swift in Sources */,
				9DC933202894C66F001EF2D6 /* UIStackView+Ext.swift in Sources */,
			);
			runOnlyForDeploymentPostprocessing = 0;
		};
		9D9D0EB6287B3ABB00EE8F17 /* Sources */ = {
			isa = PBXSourcesBuildPhase;
			buildActionMask = 2147483647;
			files = (
				9D9D0EBF287B3ABB00EE8F17 /* ReciepsTests.swift in Sources */,
			);
			runOnlyForDeploymentPostprocessing = 0;
		};
		9D9D0EC0287B3ABB00EE8F17 /* Sources */ = {
			isa = PBXSourcesBuildPhase;
			buildActionMask = 2147483647;
			files = (
				9D9D0ECB287B3ABB00EE8F17 /* ReciepsUITestsLaunchTests.swift in Sources */,
				9D9D0EC9287B3ABB00EE8F17 /* ReciepsUITests.swift in Sources */,
			);
			runOnlyForDeploymentPostprocessing = 0;
		};
/* End PBXSourcesBuildPhase section */

/* Begin PBXTargetDependency section */
		9D9D0EBC287B3ABB00EE8F17 /* PBXTargetDependency */ = {
			isa = PBXTargetDependency;
			target = 9D9D0EA3287B3AB900EE8F17 /* Recieps */;
			targetProxy = 9D9D0EBB287B3ABB00EE8F17 /* PBXContainerItemProxy */;
		};
		9D9D0EC6287B3ABB00EE8F17 /* PBXTargetDependency */ = {
			isa = PBXTargetDependency;
			target = 9D9D0EA3287B3AB900EE8F17 /* Recieps */;
			targetProxy = 9D9D0EC5287B3ABB00EE8F17 /* PBXContainerItemProxy */;
		};
/* End PBXTargetDependency section */

/* Begin PBXVariantGroup section */
		9D9D0EAD287B3AB900EE8F17 /* Main.storyboard */ = {
			isa = PBXVariantGroup;
			children = (
				9D9D0EAE287B3AB900EE8F17 /* Base */,
			);
			name = Main.storyboard;
			sourceTree = "<group>";
		};
		9D9D0EB2287B3ABB00EE8F17 /* LaunchScreen.storyboard */ = {
			isa = PBXVariantGroup;
			children = (
				9D9D0EB3287B3ABB00EE8F17 /* Base */,
			);
			name = LaunchScreen.storyboard;
			sourceTree = "<group>";
		};
/* End PBXVariantGroup section */

/* Begin XCBuildConfiguration section */
		9D9D0ECC287B3ABB00EE8F17 /* Debug */ = {
			isa = XCBuildConfiguration;
			buildSettings = {
				ALWAYS_SEARCH_USER_PATHS = NO;
				CLANG_ANALYZER_NONNULL = YES;
				CLANG_ANALYZER_NUMBER_OBJECT_CONVERSION = YES_AGGRESSIVE;
				CLANG_CXX_LANGUAGE_STANDARD = "gnu++17";
				CLANG_CXX_LIBRARY = "libc++";
				CLANG_ENABLE_MODULES = YES;
				CLANG_ENABLE_OBJC_ARC = YES;
				CLANG_ENABLE_OBJC_WEAK = YES;
				CLANG_WARN_BLOCK_CAPTURE_AUTORELEASING = YES;
				CLANG_WARN_BOOL_CONVERSION = YES;
				CLANG_WARN_COMMA = YES;
				CLANG_WARN_CONSTANT_CONVERSION = YES;
				CLANG_WARN_DEPRECATED_OBJC_IMPLEMENTATIONS = YES;
				CLANG_WARN_DIRECT_OBJC_ISA_USAGE = YES_ERROR;
				CLANG_WARN_DOCUMENTATION_COMMENTS = YES;
				CLANG_WARN_EMPTY_BODY = YES;
				CLANG_WARN_ENUM_CONVERSION = YES;
				CLANG_WARN_INFINITE_RECURSION = YES;
				CLANG_WARN_INT_CONVERSION = YES;
				CLANG_WARN_NON_LITERAL_NULL_CONVERSION = YES;
				CLANG_WARN_OBJC_IMPLICIT_RETAIN_SELF = YES;
				CLANG_WARN_OBJC_LITERAL_CONVERSION = YES;
				CLANG_WARN_OBJC_ROOT_CLASS = YES_ERROR;
				CLANG_WARN_QUOTED_INCLUDE_IN_FRAMEWORK_HEADER = YES;
				CLANG_WARN_RANGE_LOOP_ANALYSIS = YES;
				CLANG_WARN_STRICT_PROTOTYPES = YES;
				CLANG_WARN_SUSPICIOUS_MOVE = YES;
				CLANG_WARN_UNGUARDED_AVAILABILITY = YES_AGGRESSIVE;
				CLANG_WARN_UNREACHABLE_CODE = YES;
				CLANG_WARN__DUPLICATE_METHOD_MATCH = YES;
				COPY_PHASE_STRIP = NO;
				DEBUG_INFORMATION_FORMAT = dwarf;
				ENABLE_STRICT_OBJC_MSGSEND = YES;
				ENABLE_TESTABILITY = YES;
				GCC_C_LANGUAGE_STANDARD = gnu11;
				GCC_DYNAMIC_NO_PIC = NO;
				GCC_NO_COMMON_BLOCKS = YES;
				GCC_OPTIMIZATION_LEVEL = 0;
				GCC_PREPROCESSOR_DEFINITIONS = (
					"DEBUG=1",
					"$(inherited)",
				);
				GCC_WARN_64_TO_32_BIT_CONVERSION = YES;
				GCC_WARN_ABOUT_RETURN_TYPE = YES_ERROR;
				GCC_WARN_UNDECLARED_SELECTOR = YES;
				GCC_WARN_UNINITIALIZED_AUTOS = YES_AGGRESSIVE;
				GCC_WARN_UNUSED_FUNCTION = YES;
				GCC_WARN_UNUSED_VARIABLE = YES;
				IPHONEOS_DEPLOYMENT_TARGET = 15.2;
				MTL_ENABLE_DEBUG_INFO = INCLUDE_SOURCE;
				MTL_FAST_MATH = YES;
				ONLY_ACTIVE_ARCH = YES;
				SDKROOT = iphoneos;
				SWIFT_ACTIVE_COMPILATION_CONDITIONS = DEBUG;
				SWIFT_OPTIMIZATION_LEVEL = "-Onone";
			};
			name = Debug;
		};
		9D9D0ECD287B3ABB00EE8F17 /* Release */ = {
			isa = XCBuildConfiguration;
			buildSettings = {
				ALWAYS_SEARCH_USER_PATHS = NO;
				CLANG_ANALYZER_NONNULL = YES;
				CLANG_ANALYZER_NUMBER_OBJECT_CONVERSION = YES_AGGRESSIVE;
				CLANG_CXX_LANGUAGE_STANDARD = "gnu++17";
				CLANG_CXX_LIBRARY = "libc++";
				CLANG_ENABLE_MODULES = YES;
				CLANG_ENABLE_OBJC_ARC = YES;
				CLANG_ENABLE_OBJC_WEAK = YES;
				CLANG_WARN_BLOCK_CAPTURE_AUTORELEASING = YES;
				CLANG_WARN_BOOL_CONVERSION = YES;
				CLANG_WARN_COMMA = YES;
				CLANG_WARN_CONSTANT_CONVERSION = YES;
				CLANG_WARN_DEPRECATED_OBJC_IMPLEMENTATIONS = YES;
				CLANG_WARN_DIRECT_OBJC_ISA_USAGE = YES_ERROR;
				CLANG_WARN_DOCUMENTATION_COMMENTS = YES;
				CLANG_WARN_EMPTY_BODY = YES;
				CLANG_WARN_ENUM_CONVERSION = YES;
				CLANG_WARN_INFINITE_RECURSION = YES;
				CLANG_WARN_INT_CONVERSION = YES;
				CLANG_WARN_NON_LITERAL_NULL_CONVERSION = YES;
				CLANG_WARN_OBJC_IMPLICIT_RETAIN_SELF = YES;
				CLANG_WARN_OBJC_LITERAL_CONVERSION = YES;
				CLANG_WARN_OBJC_ROOT_CLASS = YES_ERROR;
				CLANG_WARN_QUOTED_INCLUDE_IN_FRAMEWORK_HEADER = YES;
				CLANG_WARN_RANGE_LOOP_ANALYSIS = YES;
				CLANG_WARN_STRICT_PROTOTYPES = YES;
				CLANG_WARN_SUSPICIOUS_MOVE = YES;
				CLANG_WARN_UNGUARDED_AVAILABILITY = YES_AGGRESSIVE;
				CLANG_WARN_UNREACHABLE_CODE = YES;
				CLANG_WARN__DUPLICATE_METHOD_MATCH = YES;
				COPY_PHASE_STRIP = NO;
				DEBUG_INFORMATION_FORMAT = "dwarf-with-dsym";
				ENABLE_NS_ASSERTIONS = NO;
				ENABLE_STRICT_OBJC_MSGSEND = YES;
				GCC_C_LANGUAGE_STANDARD = gnu11;
				GCC_NO_COMMON_BLOCKS = YES;
				GCC_WARN_64_TO_32_BIT_CONVERSION = YES;
				GCC_WARN_ABOUT_RETURN_TYPE = YES_ERROR;
				GCC_WARN_UNDECLARED_SELECTOR = YES;
				GCC_WARN_UNINITIALIZED_AUTOS = YES_AGGRESSIVE;
				GCC_WARN_UNUSED_FUNCTION = YES;
				GCC_WARN_UNUSED_VARIABLE = YES;
				IPHONEOS_DEPLOYMENT_TARGET = 15.2;
				MTL_ENABLE_DEBUG_INFO = NO;
				MTL_FAST_MATH = YES;
				SDKROOT = iphoneos;
				SWIFT_COMPILATION_MODE = wholemodule;
				SWIFT_OPTIMIZATION_LEVEL = "-O";
				VALIDATE_PRODUCT = YES;
			};
			name = Release;
		};
		9D9D0ECF287B3ABB00EE8F17 /* Debug */ = {
			isa = XCBuildConfiguration;
			baseConfigurationReference = 55140E1A91BE2CBD81915FCE /* Pods-Recieps.debug.xcconfig */;
			buildSettings = {
				ASSETCATALOG_COMPILER_APPICON_NAME = AppIcon;
				ASSETCATALOG_COMPILER_GLOBAL_ACCENT_COLOR_NAME = AccentColor;
				CODE_SIGN_STYLE = Automatic;
				CURRENT_PROJECT_VERSION = 1;
				GENERATE_INFOPLIST_FILE = YES;
				INFOPLIST_FILE = Recieps/Info.plist;
				INFOPLIST_KEY_UIApplicationSupportsIndirectInputEvents = YES;
				INFOPLIST_KEY_UILaunchStoryboardName = LaunchScreen;
				INFOPLIST_KEY_UIMainStoryboardFile = Main;
				INFOPLIST_KEY_UISupportedInterfaceOrientations = "";
				INFOPLIST_KEY_UISupportedInterfaceOrientations_iPad = "UIInterfaceOrientationPortrait UIInterfaceOrientationPortraitUpsideDown UIInterfaceOrientationLandscapeLeft UIInterfaceOrientationLandscapeRight";
				INFOPLIST_KEY_UISupportedInterfaceOrientations_iPhone = "UIInterfaceOrientationPortrait UIInterfaceOrientationLandscapeLeft UIInterfaceOrientationLandscapeRight";
				LD_RUNPATH_SEARCH_PATHS = (
					"$(inherited)",
					"@executable_path/Frameworks",
				);
				MARKETING_VERSION = 1.0;
				PRODUCT_BUNDLE_IDENTIFIER = com.rodrigovart.Recieps;
				PRODUCT_NAME = "$(TARGET_NAME)";
				SWIFT_EMIT_LOC_STRINGS = YES;
				SWIFT_VERSION = 5.0;
				TARGETED_DEVICE_FAMILY = 1;
			};
			name = Debug;
		};
		9D9D0ED0287B3ABB00EE8F17 /* Release */ = {
			isa = XCBuildConfiguration;
			baseConfigurationReference = A0E243953C628B7430A9B488 /* Pods-Recieps.release.xcconfig */;
			buildSettings = {
				ASSETCATALOG_COMPILER_APPICON_NAME = AppIcon;
				ASSETCATALOG_COMPILER_GLOBAL_ACCENT_COLOR_NAME = AccentColor;
				CODE_SIGN_STYLE = Automatic;
				CURRENT_PROJECT_VERSION = 1;
				GENERATE_INFOPLIST_FILE = YES;
				INFOPLIST_FILE = Recieps/Info.plist;
				INFOPLIST_KEY_UIApplicationSupportsIndirectInputEvents = YES;
				INFOPLIST_KEY_UILaunchStoryboardName = LaunchScreen;
				INFOPLIST_KEY_UIMainStoryboardFile = Main;
				INFOPLIST_KEY_UISupportedInterfaceOrientations = "";
				INFOPLIST_KEY_UISupportedInterfaceOrientations_iPad = "UIInterfaceOrientationPortrait UIInterfaceOrientationPortraitUpsideDown UIInterfaceOrientationLandscapeLeft UIInterfaceOrientationLandscapeRight";
				INFOPLIST_KEY_UISupportedInterfaceOrientations_iPhone = "UIInterfaceOrientationPortrait UIInterfaceOrientationLandscapeLeft UIInterfaceOrientationLandscapeRight";
				LD_RUNPATH_SEARCH_PATHS = (
					"$(inherited)",
					"@executable_path/Frameworks",
				);
				MARKETING_VERSION = 1.0;
				PRODUCT_BUNDLE_IDENTIFIER = com.rodrigovart.Recieps;
				PRODUCT_NAME = "$(TARGET_NAME)";
				SWIFT_EMIT_LOC_STRINGS = YES;
				SWIFT_VERSION = 5.0;
				TARGETED_DEVICE_FAMILY = 1;
			};
			name = Release;
		};
		9D9D0ED2287B3ABB00EE8F17 /* Debug */ = {
			isa = XCBuildConfiguration;
			baseConfigurationReference = A2C348B30406C2F733C6DA7F /* Pods-ReciepsTests.debug.xcconfig */;
			buildSettings = {
				ALWAYS_EMBED_SWIFT_STANDARD_LIBRARIES = YES;
				BUNDLE_LOADER = "$(TEST_HOST)";
				CODE_SIGN_STYLE = Automatic;
				CURRENT_PROJECT_VERSION = 1;
				GENERATE_INFOPLIST_FILE = YES;
				IPHONEOS_DEPLOYMENT_TARGET = 15.2;
				MARKETING_VERSION = 1.0;
				PRODUCT_BUNDLE_IDENTIFIER = com.rodrigovart.ReciepsTests;
				PRODUCT_NAME = "$(TARGET_NAME)";
				SWIFT_EMIT_LOC_STRINGS = NO;
				SWIFT_VERSION = 5.0;
				TARGETED_DEVICE_FAMILY = "1,2";
				TEST_HOST = "$(BUILT_PRODUCTS_DIR)/Recieps.app/Recieps";
			};
			name = Debug;
		};
		9D9D0ED3287B3ABB00EE8F17 /* Release */ = {
			isa = XCBuildConfiguration;
			baseConfigurationReference = C473CB296080AD881CC13D0C /* Pods-ReciepsTests.release.xcconfig */;
			buildSettings = {
				ALWAYS_EMBED_SWIFT_STANDARD_LIBRARIES = YES;
				BUNDLE_LOADER = "$(TEST_HOST)";
				CODE_SIGN_STYLE = Automatic;
				CURRENT_PROJECT_VERSION = 1;
				GENERATE_INFOPLIST_FILE = YES;
				IPHONEOS_DEPLOYMENT_TARGET = 15.2;
				MARKETING_VERSION = 1.0;
				PRODUCT_BUNDLE_IDENTIFIER = com.rodrigovart.ReciepsTests;
				PRODUCT_NAME = "$(TARGET_NAME)";
				SWIFT_EMIT_LOC_STRINGS = NO;
				SWIFT_VERSION = 5.0;
				TARGETED_DEVICE_FAMILY = "1,2";
				TEST_HOST = "$(BUILT_PRODUCTS_DIR)/Recieps.app/Recieps";
			};
			name = Release;
		};
		9D9D0ED5287B3ABB00EE8F17 /* Debug */ = {
			isa = XCBuildConfiguration;
			baseConfigurationReference = D3B5373406020CF4D6DF22B6 /* Pods-Recieps-ReciepsUITests.debug.xcconfig */;
			buildSettings = {
				ALWAYS_EMBED_SWIFT_STANDARD_LIBRARIES = YES;
				CODE_SIGN_STYLE = Automatic;
				CURRENT_PROJECT_VERSION = 1;
				GENERATE_INFOPLIST_FILE = YES;
				MARKETING_VERSION = 1.0;
				PRODUCT_BUNDLE_IDENTIFIER = com.rodrigovart.ReciepsUITests;
				PRODUCT_NAME = "$(TARGET_NAME)";
				SWIFT_EMIT_LOC_STRINGS = NO;
				SWIFT_VERSION = 5.0;
				TARGETED_DEVICE_FAMILY = "1,2";
				TEST_TARGET_NAME = Recieps;
			};
			name = Debug;
		};
		9D9D0ED6287B3ABB00EE8F17 /* Release */ = {
			isa = XCBuildConfiguration;
			baseConfigurationReference = 59299535EB114ABA62819D00 /* Pods-Recieps-ReciepsUITests.release.xcconfig */;
			buildSettings = {
				ALWAYS_EMBED_SWIFT_STANDARD_LIBRARIES = YES;
				CODE_SIGN_STYLE = Automatic;
				CURRENT_PROJECT_VERSION = 1;
				GENERATE_INFOPLIST_FILE = YES;
				MARKETING_VERSION = 1.0;
				PRODUCT_BUNDLE_IDENTIFIER = com.rodrigovart.ReciepsUITests;
				PRODUCT_NAME = "$(TARGET_NAME)";
				SWIFT_EMIT_LOC_STRINGS = NO;
				SWIFT_VERSION = 5.0;
				TARGETED_DEVICE_FAMILY = "1,2";
				TEST_TARGET_NAME = Recieps;
			};
			name = Release;
		};
/* End XCBuildConfiguration section */

/* Begin XCConfigurationList section */
		9D9D0E9F287B3AB900EE8F17 /* Build configuration list for PBXProject "Recieps" */ = {
			isa = XCConfigurationList;
			buildConfigurations = (
				9D9D0ECC287B3ABB00EE8F17 /* Debug */,
				9D9D0ECD287B3ABB00EE8F17 /* Release */,
			);
			defaultConfigurationIsVisible = 0;
			defaultConfigurationName = Release;
		};
		9D9D0ECE287B3ABB00EE8F17 /* Build configuration list for PBXNativeTarget "Recieps" */ = {
			isa = XCConfigurationList;
			buildConfigurations = (
				9D9D0ECF287B3ABB00EE8F17 /* Debug */,
				9D9D0ED0287B3ABB00EE8F17 /* Release */,
			);
			defaultConfigurationIsVisible = 0;
			defaultConfigurationName = Release;
		};
		9D9D0ED1287B3ABB00EE8F17 /* Build configuration list for PBXNativeTarget "ReciepsTests" */ = {
			isa = XCConfigurationList;
			buildConfigurations = (
				9D9D0ED2287B3ABB00EE8F17 /* Debug */,
				9D9D0ED3287B3ABB00EE8F17 /* Release */,
			);
			defaultConfigurationIsVisible = 0;
			defaultConfigurationName = Release;
		};
		9D9D0ED4287B3ABB00EE8F17 /* Build configuration list for PBXNativeTarget "ReciepsUITests" */ = {
			isa = XCConfigurationList;
			buildConfigurations = (
				9D9D0ED5287B3ABB00EE8F17 /* Debug */,
				9D9D0ED6287B3ABB00EE8F17 /* Release */,
			);
			defaultConfigurationIsVisible = 0;
			defaultConfigurationName = Release;
		};
/* End XCConfigurationList section */
	};
	rootObject = 9D9D0E9C287B3AB900EE8F17 /* Project object */;
}
